{
  "requires": true,
  "lockfileVersion": 1,
  "dependencies": {
    "boostrap": {
      "version": "2.0.0",
      "resolved": "https://registry.npmjs.org/boostrap/-/boostrap-2.0.0.tgz",
      "integrity": "sha512-JEeFMOweKeGXEM9rt95eaVISOkluG9aKcl0jQCETOVH9jynCZxuBZe2oWgcWJpj5wqYWZl625SnW7OgHT2Ineg=="
    },
    "lightning-base-components": {
      "version": "1.13.9-alpha",
      "resolved": "https://registry.npmjs.org/lightning-base-components/-/lightning-base-components-1.13.9-alpha.tgz",
      "integrity": "sha512-IH0TU2ZqGubK/EAYC8aZJJNPfL9dToolgQ3DHwCKjL2CFdCmX4Smoc/a3jnYDKyQAGCWfE4uc+VZgCOjX4Zdeg=="
    }
  }
}
