{
  "requires": true,
  "lockfileVersion": 1,
  "dependencies": {
    "lightning-base-components": {
      "version": "1.13.9-alpha",
      "resolved": "https://registry.npmjs.org/lightning-base-components/-/lightning-base-components-1.13.9-alpha.tgz",
      "integrity": "sha512-IH0TU2ZqGubK/EAYC8aZJJNPfL9dToolgQ3DHwCKjL2CFdCmX4Smoc/a3jnYDKyQAGCWfE4uc+VZgCOjX4Zdeg=="
    }
  }
}
